
Microsoft Visual Studio Solution File, Format Version 12.00
# Visual Studio Version 17
VisualStudioVersion = 17.7.34031.279
MinimumVisualStudioVersion = 10.0.40219.1
Project("{FAE04EC0-301F-11D3-BF4B-00C04F79EFBC}") = "Library_MS_Web_API", "Library_MS_Web_API\Library_MS_Web_API.csproj", "{49305226-27C7-42B3-80F8-8F217F49C917}"
EndProject
Global
	GlobalSection(SolutionConfigurationPlatforms) = preSolution
		Debug|Any CPU = Debug|Any CPU
		Release|Any CPU = Release|Any CPU
	EndGlobalSection
	GlobalSection(ProjectConfigurationPlatforms) = postSolution
		{49305226-27C7-42B3-80F8-8F217F49C917}.Debug|Any CPU.ActiveCfg = Debug|Any CPU
		{49305226-27C7-42B3-80F8-8F217F49C917}.Debug|Any CPU.Build.0 = Debug|Any CPU
		{49305226-27C7-42B3-80F8-8F217F49C917}.Release|Any CPU.ActiveCfg = Release|Any CPU
		{49305226-27C7-42B3-80F8-8F217F49C917}.Release|Any CPU.Build.0 = Release|Any CPU
	EndGlobalSection
	GlobalSection(SolutionProperties) = preSolution
		HideSolutionNode = FALSE
	EndGlobalSection
	GlobalSection(ExtensibilityGlobals) = postSolution
		SolutionGuid = {AE27BF69-AC2B-4D31-A06B-868CE212C74E}
	EndGlobalSection
EndGlobal
